# generated by rye
# use `rye lock` or `rye sync` to update this lockfile
#
# last locked with the following flags:
#   pre: false
#   features: []
#   all-features: false
#   with-sources: false
#   generate-hashes: false

-e file:.
annotated-types==0.7.0
    # via pydantic
markdown-it-py==3.0.0
    # via rich
mdurl==0.1.2
    # via markdown-it-py
pulsectl==24.4.0
    # via jinglebox
pydantic==2.8.2
    # via jinglebox
pydantic-core==2.20.1
    # via pydantic
pygments==2.18.0
    # via rich
pyside6==6.7.2
    # via jinglebox
pyside6-addons==6.7.2
    # via pyside6
pyside6-essentials==6.7.2
    # via pyside6
    # via pyside6-addons
rich==13.7.1
    # via jinglebox
rtoml==0.11.0
    # via jinglebox
shiboken6==6.7.2
    # via pyside6
    # via pyside6-addons
    # via pyside6-essentials
typing-extensions==4.12.2
    # via pydantic
    # via pydantic-core
